PODS:
  - AFNetworking (3.1.0):
    - AFNetworking/NSURLSession (= 3.1.0)
    - AFNetworking/Reachability (= 3.1.0)
    - AFNetworking/Security (= 3.1.0)
    - AFNetworking/Serialization (= 3.1.0)
    - AFNetworking/UIKit (= 3.1.0)
  - AFNetworking/NSURLSession (3.1.0):
    - AFNetworking/Reachability
    - AFNetworking/Security
    - AFNetworking/Serialization
  - AFNetworking/Reachability (3.1.0)
  - AFNetworking/Security (3.1.0)
  - AFNetworking/Serialization (3.1.0)
  - AFNetworking/UIKit (3.1.0):
    - AFNetworking/NSURLSession
  - FMDB (2.6.2):
    - FMDB/standard (= 2.6.2)
  - FMDB/standard (2.6.2)
  - IQKeyboardManager (4.0.10)
  - Masonry (1.0.2)
  - MBProgressHUD (1.0.0)
  - MJRefresh (3.1.12)
  - PPNetworkHelper (0.4.0):
    - AFNetworking
    - YYCache
  - YYCache (1.0.4)

DEPENDENCIES:
  - FMDB
  - IQKeyboardManager
  - Masonry
  - MBProgressHUD
  - MJRefresh
  - PPNetworkHelper (~> 0.4.0)

SPEC CHECKSUMS:
  AFNetworking: 5e0e199f73d8626b11e79750991f5d173d1f8b67
  FMDB: 854a0341b4726e53276f2a8996f06f1b80f9259a
  IQKeyboardManager: 593ee99b88381f4b9ccb22bd680f22606351bd41
  Masonry: 7c429b56da9d4ee0bbb3ed77a5ea710d6a5df39e
  MBProgressHUD: 4890f671c94e8a0f3cf959aa731e9de2f036d71a
  MJRefresh: b96cdb21c4aa75a7b07654311ab2f315c497e806
  PPNetworkHelper: 1f5f3765d32f742f3ca62c90d8d4e404da6a7097
  YYCache: 8105b6638f5e849296c71f331ff83891a4942952

PODFILE CHECKSUM: ec13f714e0791f5b426f8e0e7c5f16baab47271d

COCOAPODS: 1.2.1
